
Microsoft Visual Studio Solution File, Format Version 12.00
# Visual Studio Version 16
VisualStudioVersion = 16.0.29613.14
MinimumVisualStudioVersion = 10.0.40219.1
Project("{FAE04EC0-301F-11D3-BF4B-00C04F79EFBC}") = "CrashProduto.API", "CrashProduto.API.csproj", "{1C77CCEE-E820-4CF7-9135-7EF1B7D29862}"
EndProject
Global
	GlobalSection(SolutionConfigurationPlatforms) = preSolution
		Debug|Any CPU = Debug|Any CPU
		Release|Any CPU = Release|Any CPU
	EndGlobalSection
	GlobalSection(ProjectConfigurationPlatforms) = postSolution
		{1C77CCEE-E820-4CF7-9135-7EF1B7D29862}.Debug|Any CPU.ActiveCfg = Debug|Any CPU
		{1C77CCEE-E820-4CF7-9135-7EF1B7D29862}.Debug|Any CPU.Build.0 = Debug|Any CPU
		{1C77CCEE-E820-4CF7-9135-7EF1B7D29862}.Release|Any CPU.ActiveCfg = Release|Any CPU
		{1C77CCEE-E820-4CF7-9135-7EF1B7D29862}.Release|Any CPU.Build.0 = Release|Any CPU
	EndGlobalSection
	GlobalSection(SolutionProperties) = preSolution
		HideSolutionNode = FALSE
	EndGlobalSection
	GlobalSection(ExtensibilityGlobals) = postSolution
		SolutionGuid = {52EF1AE8-1886-42CC-8543-C601898B1F31}
	EndGlobalSection
EndGlobal
